
Microsoft Visual Studio Solution File, Format Version 12.00
# Visual Studio 2013
VisualStudioVersion = 12.0.21005.1
MinimumVisualStudioVersion = 10.0.40219.1
Project("{FAE04EC0-301F-11D3-BF4B-00C04F79EFBC}") = "P2 Project", "P2 Project\P2 Project.csproj", "{B23DD0F8-4BED-4D3C-8448-C1681D07CF12}"
EndProject
Global
	GlobalSection(SolutionConfigurationPlatforms) = preSolution
		Debug|Any CPU = Debug|Any CPU
		Release|Any CPU = Release|Any CPU
	EndGlobalSection
	GlobalSection(ProjectConfigurationPlatforms) = postSolution
		{B23DD0F8-4BED-4D3C-8448-C1681D07CF12}.Debug|Any CPU.ActiveCfg = Debug|Any CPU
		{B23DD0F8-4BED-4D3C-8448-C1681D07CF12}.Debug|Any CPU.Build.0 = Debug|Any CPU
		{B23DD0F8-4BED-4D3C-8448-C1681D07CF12}.Release|Any CPU.ActiveCfg = Release|Any CPU
		{B23DD0F8-4BED-4D3C-8448-C1681D07CF12}.Release|Any CPU.Build.0 = Release|Any CPU
	EndGlobalSection
	GlobalSection(SolutionProperties) = preSolution
		HideSolutionNode = FALSE
	EndGlobalSection
EndGlobal
